
Microsoft Visual Studio Solution File, Format Version 12.00
# Visual Studio 15
VisualStudioVersion = 15.0.28010.2016
MinimumVisualStudioVersion = 10.0.40219.1
Project("{FAE04EC0-301F-11D3-BF4B-00C04F79EFBC}") = "SharedCalendar.Core", "SharedCalendar.Core\SharedCalendar.Core.csproj", "{75A57589-5F8E-4502-A47E-20D82E71C446}"
EndProject
Project("{2150E333-8FDC-42A3-9474-1A3956D46DE8}") = "UX", "UX", "{0801435B-4609-4B1C-8DF4-1BBBED096F89}"
EndProject
Project("{FAE04EC0-301F-11D3-BF4B-00C04F79EFBC}") = "SharedCalendar.Web", "UX\SharedCalendar.Web\SharedCalendar.Web.csproj", "{DDFF01BD-EE60-43AB-81B3-AA103F26A224}"
EndProject
Project("{FAE04EC0-301F-11D3-BF4B-00C04F79EFBC}") = "SharedCalendar.Wpf", "UX\SharedCalendar.Wpf\SharedCalendar.Wpf.csproj", "{86BC7A34-483F-4C10-98CC-1D2986F856DF}"
EndProject
Project("{FAE04EC0-301F-11D3-BF4B-00C04F79EFBC}") = "SharedCalendar.Android", "UX\SharedCalendar\SharedCalendar.Android\SharedCalendar.Android.csproj", "{24CE3C36-16B9-426D-AA0C-5961ECF8D88C}"
EndProject
Project("{FAE04EC0-301F-11D3-BF4B-00C04F79EFBC}") = "SharedCalendar.iOS", "UX\SharedCalendar\SharedCalendar.iOS\SharedCalendar.iOS.csproj", "{9CBFC079-ADF5-45F3-80EB-3A8096835F0C}"
EndProject
Project("{FAE04EC0-301F-11D3-BF4B-00C04F79EFBC}") = "SharedCalendar.MobileShared", "UX\SharedCalendar\SharedCalendar\SharedCalendar.MobileShared.csproj", "{2C7F7BCB-9C86-4A81-B785-E14E5C7D890A}"
EndProject
Global
	GlobalSection(SolutionConfigurationPlatforms) = preSolution
		Ad-Hoc|Any CPU = Ad-Hoc|Any CPU
		Ad-Hoc|iPhone = Ad-Hoc|iPhone
		Ad-Hoc|iPhoneSimulator = Ad-Hoc|iPhoneSimulator
		AppStore|Any CPU = AppStore|Any CPU
		AppStore|iPhone = AppStore|iPhone
		AppStore|iPhoneSimulator = AppStore|iPhoneSimulator
		Debug|Any CPU = Debug|Any CPU
		Debug|iPhone = Debug|iPhone
		Debug|iPhoneSimulator = Debug|iPhoneSimulator
		Release|Any CPU = Release|Any CPU
		Release|iPhone = Release|iPhone
		Release|iPhoneSimulator = Release|iPhoneSimulator
	EndGlobalSection
	GlobalSection(ProjectConfigurationPlatforms) = postSolution
		{75A57589-5F8E-4502-A47E-20D82E71C446}.Ad-Hoc|Any CPU.ActiveCfg = Debug|Any CPU
		{75A57589-5F8E-4502-A47E-20D82E71C446}.Ad-Hoc|Any CPU.Build.0 = Debug|Any CPU
		{75A57589-5F8E-4502-A47E-20D82E71C446}.Ad-Hoc|iPhone.ActiveCfg = Debug|Any CPU
		{75A57589-5F8E-4502-A47E-20D82E71C446}.Ad-Hoc|iPhone.Build.0 = Debug|Any CPU
		{75A57589-5F8E-4502-A47E-20D82E71C446}.Ad-Hoc|iPhoneSimulator.ActiveCfg = Debug|Any CPU
		{75A57589-5F8E-4502-A47E-20D82E71C446}.Ad-Hoc|iPhoneSimulator.Build.0 = Debug|Any CPU
		{75A57589-5F8E-4502-A47E-20D82E71C446}.AppStore|Any CPU.ActiveCfg = Debug|Any CPU
		{75A57589-5F8E-4502-A47E-20D82E71C446}.AppStore|Any CPU.Build.0 = Debug|Any CPU
		{75A57589-5F8E-4502-A47E-20D82E71C446}.AppStore|iPhone.ActiveCfg = Debug|Any CPU
		{75A57589-5F8E-4502-A47E-20D82E71C446}.AppStore|iPhone.Build.0 = Debug|Any CPU
		{75A57589-5F8E-4502-A47E-20D82E71C446}.AppStore|iPhoneSimulator.ActiveCfg = Debug|Any CPU
		{75A57589-5F8E-4502-A47E-20D82E71C446}.AppStore|iPhoneSimulator.Build.0 = Debug|Any CPU
		{75A57589-5F8E-4502-A47E-20D82E71C446}.Debug|Any CPU.ActiveCfg = Debug|Any CPU
		{75A57589-5F8E-4502-A47E-20D82E71C446}.Debug|Any CPU.Build.0 = Debug|Any CPU
		{75A57589-5F8E-4502-A47E-20D82E71C446}.Debug|iPhone.ActiveCfg = Debug|Any CPU
		{75A57589-5F8E-4502-A47E-20D82E71C446}.Debug|iPhone.Build.0 = Debug|Any CPU
		{75A57589-5F8E-4502-A47E-20D82E71C446}.Debug|iPhoneSimulator.ActiveCfg = Debug|Any CPU
		{75A57589-5F8E-4502-A47E-20D82E71C446}.Debug|iPhoneSimulator.Build.0 = Debug|Any CPU
		{75A57589-5F8E-4502-A47E-20D82E71C446}.Release|Any CPU.ActiveCfg = Release|Any CPU
		{75A57589-5F8E-4502-A47E-20D82E71C446}.Release|Any CPU.Build.0 = Release|Any CPU
		{75A57589-5F8E-4502-A47E-20D82E71C446}.Release|iPhone.ActiveCfg = Release|Any CPU
		{75A57589-5F8E-4502-A47E-20D82E71C446}.Release|iPhone.Build.0 = Release|Any CPU
		{75A57589-5F8E-4502-A47E-20D82E71C446}.Release|iPhoneSimulator.ActiveCfg = Release|Any CPU
		{75A57589-5F8E-4502-A47E-20D82E71C446}.Release|iPhoneSimulator.Build.0 = Release|Any CPU
		{DDFF01BD-EE60-43AB-81B3-AA103F26A224}.Ad-Hoc|Any CPU.ActiveCfg = Debug|Any CPU
		{DDFF01BD-EE60-43AB-81B3-AA103F26A224}.Ad-Hoc|Any CPU.Build.0 = Debug|Any CPU
		{DDFF01BD-EE60-43AB-81B3-AA103F26A224}.Ad-Hoc|iPhone.ActiveCfg = Debug|Any CPU
		{DDFF01BD-EE60-43AB-81B3-AA103F26A224}.Ad-Hoc|iPhone.Build.0 = Debug|Any CPU
		{DDFF01BD-EE60-43AB-81B3-AA103F26A224}.Ad-Hoc|iPhoneSimulator.ActiveCfg = Debug|Any CPU
		{DDFF01BD-EE60-43AB-81B3-AA103F26A224}.Ad-Hoc|iPhoneSimulator.Build.0 = Debug|Any CPU
		{DDFF01BD-EE60-43AB-81B3-AA103F26A224}.AppStore|Any CPU.ActiveCfg = Debug|Any CPU
		{DDFF01BD-EE60-43AB-81B3-AA103F26A224}.AppStore|Any CPU.Build.0 = Debug|Any CPU
		{DDFF01BD-EE60-43AB-81B3-AA103F26A224}.AppStore|iPhone.ActiveCfg = Debug|Any CPU
		{DDFF01BD-EE60-43AB-81B3-AA103F26A224}.AppStore|iPhone.Build.0 = Debug|Any CPU
		{DDFF01BD-EE60-43AB-81B3-AA103F26A224}.AppStore|iPhoneSimulator.ActiveCfg = Debug|Any CPU
		{DDFF01BD-EE60-43AB-81B3-AA103F26A224}.AppStore|iPhoneSimulator.Build.0 = Debug|Any CPU
		{DDFF01BD-EE60-43AB-81B3-AA103F26A224}.Debug|Any CPU.ActiveCfg = Debug|Any CPU
		{DDFF01BD-EE60-43AB-81B3-AA103F26A224}.Debug|Any CPU.Build.0 = Debug|Any CPU
		{DDFF01BD-EE60-43AB-81B3-AA103F26A224}.Debug|iPhone.ActiveCfg = Debug|Any CPU
		{DDFF01BD-EE60-43AB-81B3-AA103F26A224}.Debug|iPhone.Build.0 = Debug|Any CPU
		{DDFF01BD-EE60-43AB-81B3-AA103F26A224}.Debug|iPhoneSimulator.ActiveCfg = Debug|Any CPU
		{DDFF01BD-EE60-43AB-81B3-AA103F26A224}.Debug|iPhoneSimulator.Build.0 = Debug|Any CPU
		{DDFF01BD-EE60-43AB-81B3-AA103F26A224}.Release|Any CPU.ActiveCfg = Release|Any CPU
		{DDFF01BD-EE60-43AB-81B3-AA103F26A224}.Release|Any CPU.Build.0 = Release|Any CPU
		{DDFF01BD-EE60-43AB-81B3-AA103F26A224}.Release|iPhone.ActiveCfg = Release|Any CPU
		{DDFF01BD-EE60-43AB-81B3-AA103F26A224}.Release|iPhone.Build.0 = Release|Any CPU
		{DDFF01BD-EE60-43AB-81B3-AA103F26A224}.Release|iPhoneSimulator.ActiveCfg = Release|Any CPU
		{DDFF01BD-EE60-43AB-81B3-AA103F26A224}.Release|iPhoneSimulator.Build.0 = Release|Any CPU
		{86BC7A34-483F-4C10-98CC-1D2986F856DF}.Ad-Hoc|Any CPU.ActiveCfg = Release|Any CPU
		{86BC7A34-483F-4C10-98CC-1D2986F856DF}.Ad-Hoc|Any CPU.Build.0 = Release|Any CPU
		{86BC7A34-483F-4C10-98CC-1D2986F856DF}.Ad-Hoc|iPhone.ActiveCfg = Release|Any CPU
		{86BC7A34-483F-4C10-98CC-1D2986F856DF}.Ad-Hoc|iPhone.Build.0 = Release|Any CPU
		{86BC7A34-483F-4C10-98CC-1D2986F856DF}.Ad-Hoc|iPhoneSimulator.ActiveCfg = Release|Any CPU
		{86BC7A34-483F-4C10-98CC-1D2986F856DF}.Ad-Hoc|iPhoneSimulator.Build.0 = Release|Any CPU
		{86BC7A34-483F-4C10-98CC-1D2986F856DF}.AppStore|Any CPU.ActiveCfg = Release|Any CPU
		{86BC7A34-483F-4C10-98CC-1D2986F856DF}.AppStore|Any CPU.Build.0 = Release|Any CPU
		{86BC7A34-483F-4C10-98CC-1D2986F856DF}.AppStore|iPhone.ActiveCfg = Release|Any CPU
		{86BC7A34-483F-4C10-98CC-1D2986F856DF}.AppStore|iPhone.Build.0 = Release|Any CPU
		{86BC7A34-483F-4C10-98CC-1D2986F856DF}.AppStore|iPhoneSimulator.ActiveCfg = Release|Any CPU
		{86BC7A34-483F-4C10-98CC-1D2986F856DF}.AppStore|iPhoneSimulator.Build.0 = Release|Any CPU
		{86BC7A34-483F-4C10-98CC-1D2986F856DF}.Debug|Any CPU.ActiveCfg = Debug|Any CPU
		{86BC7A34-483F-4C10-98CC-1D2986F856DF}.Debug|Any CPU.Build.0 = Debug|Any CPU
		{86BC7A34-483F-4C10-98CC-1D2986F856DF}.Debug|iPhone.ActiveCfg = Debug|Any CPU
		{86BC7A34-483F-4C10-98CC-1D2986F856DF}.Debug|iPhone.Build.0 = Debug|Any CPU
		{86BC7A34-483F-4C10-98CC-1D2986F856DF}.Debug|iPhoneSimulator.ActiveCfg = Debug|Any CPU
		{86BC7A34-483F-4C10-98CC-1D2986F856DF}.Debug|iPhoneSimulator.Build.0 = Debug|Any CPU
		{86BC7A34-483F-4C10-98CC-1D2986F856DF}.Release|Any CPU.ActiveCfg = Release|Any CPU
		{86BC7A34-483F-4C10-98CC-1D2986F856DF}.Release|Any CPU.Build.0 = Release|Any CPU
		{86BC7A34-483F-4C10-98CC-1D2986F856DF}.Release|iPhone.ActiveCfg = Release|Any CPU
		{86BC7A34-483F-4C10-98CC-1D2986F856DF}.Release|iPhone.Build.0 = Release|Any CPU
		{86BC7A34-483F-4C10-98CC-1D2986F856DF}.Release|iPhoneSimulator.ActiveCfg = Release|Any CPU
		{86BC7A34-483F-4C10-98CC-1D2986F856DF}.Release|iPhoneSimulator.Build.0 = Release|Any CPU
		{24CE3C36-16B9-426D-AA0C-5961ECF8D88C}.Ad-Hoc|Any CPU.ActiveCfg = Release|Any CPU
		{24CE3C36-16B9-426D-AA0C-5961ECF8D88C}.Ad-Hoc|Any CPU.Build.0 = Release|Any CPU
		{24CE3C36-16B9-426D-AA0C-5961ECF8D88C}.Ad-Hoc|Any CPU.Deploy.0 = Release|Any CPU
		{24CE3C36-16B9-426D-AA0C-5961ECF8D88C}.Ad-Hoc|iPhone.ActiveCfg = Release|Any CPU
		{24CE3C36-16B9-426D-AA0C-5961ECF8D88C}.Ad-Hoc|iPhone.Build.0 = Release|Any CPU
		{24CE3C36-16B9-426D-AA0C-5961ECF8D88C}.Ad-Hoc|iPhone.Deploy.0 = Release|Any CPU
		{24CE3C36-16B9-426D-AA0C-5961ECF8D88C}.Ad-Hoc|iPhoneSimulator.ActiveCfg = Release|Any CPU
		{24CE3C36-16B9-426D-AA0C-5961ECF8D88C}.Ad-Hoc|iPhoneSimulator.Build.0 = Release|Any CPU
		{24CE3C36-16B9-426D-AA0C-5961ECF8D88C}.Ad-Hoc|iPhoneSimulator.Deploy.0 = Release|Any CPU
		{24CE3C36-16B9-426D-AA0C-5961ECF8D88C}.AppStore|Any CPU.ActiveCfg = Release|Any CPU
		{24CE3C36-16B9-426D-AA0C-5961ECF8D88C}.AppStore|Any CPU.Build.0 = Release|Any CPU
		{24CE3C36-16B9-426D-AA0C-5961ECF8D88C}.AppStore|Any CPU.Deploy.0 = Release|Any CPU
		{24CE3C36-16B9-426D-AA0C-5961ECF8D88C}.AppStore|iPhone.ActiveCfg = Release|Any CPU
		{24CE3C36-16B9-426D-AA0C-5961ECF8D88C}.AppStore|iPhone.Build.0 = Release|Any CPU
		{24CE3C36-16B9-426D-AA0C-5961ECF8D88C}.AppStore|iPhone.Deploy.0 = Release|Any CPU
		{24CE3C36-16B9-426D-AA0C-5961ECF8D88C}.AppStore|iPhoneSimulator.ActiveCfg = Release|Any CPU
		{24CE3C36-16B9-426D-AA0C-5961ECF8D88C}.AppStore|iPhoneSimulator.Build.0 = Release|Any CPU
		{24CE3C36-16B9-426D-AA0C-5961ECF8D88C}.AppStore|iPhoneSimulator.Deploy.0 = Release|Any CPU
		{24CE3C36-16B9-426D-AA0C-5961ECF8D88C}.Debug|Any CPU.ActiveCfg = Debug|Any CPU
		{24CE3C36-16B9-426D-AA0C-5961ECF8D88C}.Debug|Any CPU.Build.0 = Debug|Any CPU
		{24CE3C36-16B9-426D-AA0C-5961ECF8D88C}.Debug|Any CPU.Deploy.0 = Debug|Any CPU
		{24CE3C36-16B9-426D-AA0C-5961ECF8D88C}.Debug|iPhone.ActiveCfg = Debug|Any CPU
		{24CE3C36-16B9-426D-AA0C-5961ECF8D88C}.Debug|iPhone.Build.0 = Debug|Any CPU
		{24CE3C36-16B9-426D-AA0C-5961ECF8D88C}.Debug|iPhone.Deploy.0 = Debug|Any CPU
		{24CE3C36-16B9-426D-AA0C-5961ECF8D88C}.Debug|iPhoneSimulator.ActiveCfg = Debug|Any CPU
		{24CE3C36-16B9-426D-AA0C-5961ECF8D88C}.Debug|iPhoneSimulator.Build.0 = Debug|Any CPU
		{24CE3C36-16B9-426D-AA0C-5961ECF8D88C}.Debug|iPhoneSimulator.Deploy.0 = Debug|Any CPU
		{24CE3C36-16B9-426D-AA0C-5961ECF8D88C}.Release|Any CPU.ActiveCfg = Release|Any CPU
		{24CE3C36-16B9-426D-AA0C-5961ECF8D88C}.Release|Any CPU.Build.0 = Release|Any CPU
		{24CE3C36-16B9-426D-AA0C-5961ECF8D88C}.Release|Any CPU.Deploy.0 = Release|Any CPU
		{24CE3C36-16B9-426D-AA0C-5961ECF8D88C}.Release|iPhone.ActiveCfg = Release|Any CPU
		{24CE3C36-16B9-426D-AA0C-5961ECF8D88C}.Release|iPhone.Build.0 = Release|Any CPU
		{24CE3C36-16B9-426D-AA0C-5961ECF8D88C}.Release|iPhone.Deploy.0 = Release|Any CPU
		{24CE3C36-16B9-426D-AA0C-5961ECF8D88C}.Release|iPhoneSimulator.ActiveCfg = Release|Any CPU
		{24CE3C36-16B9-426D-AA0C-5961ECF8D88C}.Release|iPhoneSimulator.Build.0 = Release|Any CPU
		{24CE3C36-16B9-426D-AA0C-5961ECF8D88C}.Release|iPhoneSimulator.Deploy.0 = Release|Any CPU
		{9CBFC079-ADF5-45F3-80EB-3A8096835F0C}.Ad-Hoc|Any CPU.ActiveCfg = Release|iPhone
		{9CBFC079-ADF5-45F3-80EB-3A8096835F0C}.Ad-Hoc|Any CPU.Build.0 = Release|iPhone
		{9CBFC079-ADF5-45F3-80EB-3A8096835F0C}.Ad-Hoc|iPhone.ActiveCfg = Release|iPhone
		{9CBFC079-ADF5-45F3-80EB-3A8096835F0C}.Ad-Hoc|iPhone.Build.0 = Release|iPhone
		{9CBFC079-ADF5-45F3-80EB-3A8096835F0C}.Ad-Hoc|iPhoneSimulator.ActiveCfg = Release|iPhoneSimulator
		{9CBFC079-ADF5-45F3-80EB-3A8096835F0C}.Ad-Hoc|iPhoneSimulator.Build.0 = Release|iPhoneSimulator
		{9CBFC079-ADF5-45F3-80EB-3A8096835F0C}.AppStore|Any CPU.ActiveCfg = Release|iPhone
		{9CBFC079-ADF5-45F3-80EB-3A8096835F0C}.AppStore|Any CPU.Build.0 = Release|iPhone
		{9CBFC079-ADF5-45F3-80EB-3A8096835F0C}.AppStore|iPhone.ActiveCfg = Release|iPhone
		{9CBFC079-ADF5-45F3-80EB-3A8096835F0C}.AppStore|iPhone.Build.0 = Release|iPhone
		{9CBFC079-ADF5-45F3-80EB-3A8096835F0C}.AppStore|iPhoneSimulator.ActiveCfg = Release|iPhoneSimulator
		{9CBFC079-ADF5-45F3-80EB-3A8096835F0C}.AppStore|iPhoneSimulator.Build.0 = Release|iPhoneSimulator
		{9CBFC079-ADF5-45F3-80EB-3A8096835F0C}.Debug|Any CPU.ActiveCfg = Debug|iPhone
		{9CBFC079-ADF5-45F3-80EB-3A8096835F0C}.Debug|iPhone.ActiveCfg = Debug|iPhone
		{9CBFC079-ADF5-45F3-80EB-3A8096835F0C}.Debug|iPhone.Build.0 = Debug|iPhone
		{9CBFC079-ADF5-45F3-80EB-3A8096835F0C}.Debug|iPhoneSimulator.ActiveCfg = Debug|iPhoneSimulator
		{9CBFC079-ADF5-45F3-80EB-3A8096835F0C}.Debug|iPhoneSimulator.Build.0 = Debug|iPhoneSimulator
		{9CBFC079-ADF5-45F3-80EB-3A8096835F0C}.Release|Any CPU.ActiveCfg = Release|iPhone
		{9CBFC079-ADF5-45F3-80EB-3A8096835F0C}.Release|iPhone.ActiveCfg = Release|iPhone
		{9CBFC079-ADF5-45F3-80EB-3A8096835F0C}.Release|iPhone.Build.0 = Release|iPhone
		{9CBFC079-ADF5-45F3-80EB-3A8096835F0C}.Release|iPhoneSimulator.ActiveCfg = Release|iPhoneSimulator
		{9CBFC079-ADF5-45F3-80EB-3A8096835F0C}.Release|iPhoneSimulator.Build.0 = Release|iPhoneSimulator
		{2C7F7BCB-9C86-4A81-B785-E14E5C7D890A}.Ad-Hoc|Any CPU.ActiveCfg = Debug|Any CPU
		{2C7F7BCB-9C86-4A81-B785-E14E5C7D890A}.Ad-Hoc|Any CPU.Build.0 = Debug|Any CPU
		{2C7F7BCB-9C86-4A81-B785-E14E5C7D890A}.Ad-Hoc|iPhone.ActiveCfg = Debug|Any CPU
		{2C7F7BCB-9C86-4A81-B785-E14E5C7D890A}.Ad-Hoc|iPhone.Build.0 = Debug|Any CPU
		{2C7F7BCB-9C86-4A81-B785-E14E5C7D890A}.Ad-Hoc|iPhoneSimulator.ActiveCfg = Debug|Any CPU
		{2C7F7BCB-9C86-4A81-B785-E14E5C7D890A}.Ad-Hoc|iPhoneSimulator.Build.0 = Debug|Any CPU
		{2C7F7BCB-9C86-4A81-B785-E14E5C7D890A}.AppStore|Any CPU.ActiveCfg = Debug|Any CPU
		{2C7F7BCB-9C86-4A81-B785-E14E5C7D890A}.AppStore|Any CPU.Build.0 = Debug|Any CPU
		{2C7F7BCB-9C86-4A81-B785-E14E5C7D890A}.AppStore|iPhone.ActiveCfg = Debug|Any CPU
		{2C7F7BCB-9C86-4A81-B785-E14E5C7D890A}.AppStore|iPhone.Build.0 = Debug|Any CPU
		{2C7F7BCB-9C86-4A81-B785-E14E5C7D890A}.AppStore|iPhoneSimulator.ActiveCfg = Debug|Any CPU
		{2C7F7BCB-9C86-4A81-B785-E14E5C7D890A}.AppStore|iPhoneSimulator.Build.0 = Debug|Any CPU
		{2C7F7BCB-9C86-4A81-B785-E14E5C7D890A}.Debug|Any CPU.ActiveCfg = Debug|Any CPU
		{2C7F7BCB-9C86-4A81-B785-E14E5C7D890A}.Debug|Any CPU.Build.0 = Debug|Any CPU
		{2C7F7BCB-9C86-4A81-B785-E14E5C7D890A}.Debug|iPhone.ActiveCfg = Debug|Any CPU
		{2C7F7BCB-9C86-4A81-B785-E14E5C7D890A}.Debug|iPhone.Build.0 = Debug|Any CPU
		{2C7F7BCB-9C86-4A81-B785-E14E5C7D890A}.Debug|iPhoneSimulator.ActiveCfg = Debug|Any CPU
		{2C7F7BCB-9C86-4A81-B785-E14E5C7D890A}.Debug|iPhoneSimulator.Build.0 = Debug|Any CPU
		{2C7F7BCB-9C86-4A81-B785-E14E5C7D890A}.Release|Any CPU.ActiveCfg = Release|Any CPU
		{2C7F7BCB-9C86-4A81-B785-E14E5C7D890A}.Release|Any CPU.Build.0 = Release|Any CPU
		{2C7F7BCB-9C86-4A81-B785-E14E5C7D890A}.Release|iPhone.ActiveCfg = Release|Any CPU
		{2C7F7BCB-9C86-4A81-B785-E14E5C7D890A}.Release|iPhone.Build.0 = Release|Any CPU
		{2C7F7BCB-9C86-4A81-B785-E14E5C7D890A}.Release|iPhoneSimulator.ActiveCfg = Release|Any CPU
		{2C7F7BCB-9C86-4A81-B785-E14E5C7D890A}.Release|iPhoneSimulator.Build.0 = Release|Any CPU
	EndGlobalSection
	GlobalSection(SolutionProperties) = preSolution
		HideSolutionNode = FALSE
	EndGlobalSection
	GlobalSection(NestedProjects) = preSolution
		{DDFF01BD-EE60-43AB-81B3-AA103F26A224} = {0801435B-4609-4B1C-8DF4-1BBBED096F89}
		{86BC7A34-483F-4C10-98CC-1D2986F856DF} = {0801435B-4609-4B1C-8DF4-1BBBED096F89}
		{24CE3C36-16B9-426D-AA0C-5961ECF8D88C} = {0801435B-4609-4B1C-8DF4-1BBBED096F89}
		{9CBFC079-ADF5-45F3-80EB-3A8096835F0C} = {0801435B-4609-4B1C-8DF4-1BBBED096F89}
		{2C7F7BCB-9C86-4A81-B785-E14E5C7D890A} = {0801435B-4609-4B1C-8DF4-1BBBED096F89}
	EndGlobalSection
	GlobalSection(ExtensibilityGlobals) = postSolution
		SolutionGuid = {589940B2-04C1-4516-8769-548B54BF8CF2}
	EndGlobalSection
EndGlobal
